
Microsoft Visual Studio Solution File, Format Version 12.00
# Visual Studio 15
VisualStudioVersion = 15.0.25618.0
MinimumVisualStudioVersion = 10.0.40219.1
Project("{FAE04EC0-301F-11D3-BF4B-00C04F79EFBC}") = "Data.Mutable", "Data.Mutable\Data.Mutable.csproj", "{9CAAD487-A3A7-4F4D-B4B7-08054C989F39}"
EndProject
Project("{F2A71F9B-5D33-465A-A702-920D77279786}") = "Data.Immutable", "Data.Immutable\Data.Immutable.fsproj", "{137172CC-B7D4-495C-A526-C933361A47A0}"
EndProject
Project("{F2A71F9B-5D33-465A-A702-920D77279786}") = "Rendering.FS", "Rendering\Rendering.FS.fsproj", "{7F30AD7F-DA93-4E7F-BCD9-FC3C402FC871}"
EndProject
Project("{FAE04EC0-301F-11D3-BF4B-00C04F79EFBC}") = "OliDTP", "OliDTP\OliDTP.csproj", "{27455777-B22F-45C4-A09B-9415F6E4CDA7}"
EndProject
Project("{FAE04EC0-301F-11D3-BF4B-00C04F79EFBC}") = "Extensibility", "Extensibility\Extensibility.csproj", "{2182E29C-DDDD-425F-891A-67ADA9350F49}"
EndProject
Project("{FAE04EC0-301F-11D3-BF4B-00C04F79EFBC}") = "Extensibility.Python", "Extensibility.Python\Extensibility.Python.csproj", "{76F4CC86-4AA3-4528-93BA-A017593844B8}"
EndProject
Project("{FAE04EC0-301F-11D3-BF4B-00C04F79EFBC}") = "Renderer", "Renderer\Renderer.csproj", "{643DC96D-2D03-41DE-85D4-B6BC2AF5F35C}"
EndProject
Project("{FAE04EC0-301F-11D3-BF4B-00C04F79EFBC}") = "LinearRenderer", "LinearRenderer\LinearRenderer.csproj", "{082CE386-8F86-43B6-86CD-CD0E6BEFF467}"
EndProject
Project("{2150E333-8FDC-42A3-9474-1A3956D46DE8}") = "Data", "Data", "{CDC445E8-B967-4342-86E8-0A1D04B43FB5}"
EndProject
Project("{2150E333-8FDC-42A3-9474-1A3956D46DE8}") = "Extensions", "Extensions", "{13055C0B-1F5F-4478-B8BB-3559477793A2}"
EndProject
Project("{2150E333-8FDC-42A3-9474-1A3956D46DE8}") = "Rendering", "Rendering", "{7E94EF60-9B8A-4A9B-A5DB-CD1AC1A541D6}"
EndProject
Global
	GlobalSection(SolutionConfigurationPlatforms) = preSolution
		Debug|Any CPU = Debug|Any CPU
		Debug|Mixed Platforms = Debug|Mixed Platforms
		Debug|x86 = Debug|x86
		Release|Any CPU = Release|Any CPU
		Release|Mixed Platforms = Release|Mixed Platforms
		Release|x86 = Release|x86
	EndGlobalSection
	GlobalSection(ProjectConfigurationPlatforms) = postSolution
		{9CAAD487-A3A7-4F4D-B4B7-08054C989F39}.Debug|Any CPU.ActiveCfg = Debug|Any CPU
		{9CAAD487-A3A7-4F4D-B4B7-08054C989F39}.Debug|Any CPU.Build.0 = Debug|Any CPU
		{9CAAD487-A3A7-4F4D-B4B7-08054C989F39}.Debug|Mixed Platforms.ActiveCfg = Debug|Any CPU
		{9CAAD487-A3A7-4F4D-B4B7-08054C989F39}.Debug|Mixed Platforms.Build.0 = Debug|Any CPU
		{9CAAD487-A3A7-4F4D-B4B7-08054C989F39}.Debug|x86.ActiveCfg = Debug|Any CPU
		{9CAAD487-A3A7-4F4D-B4B7-08054C989F39}.Release|Any CPU.ActiveCfg = Release|Any CPU
		{9CAAD487-A3A7-4F4D-B4B7-08054C989F39}.Release|Any CPU.Build.0 = Release|Any CPU
		{9CAAD487-A3A7-4F4D-B4B7-08054C989F39}.Release|Mixed Platforms.ActiveCfg = Release|Any CPU
		{9CAAD487-A3A7-4F4D-B4B7-08054C989F39}.Release|Mixed Platforms.Build.0 = Release|Any CPU
		{9CAAD487-A3A7-4F4D-B4B7-08054C989F39}.Release|x86.ActiveCfg = Release|Any CPU
		{137172CC-B7D4-495C-A526-C933361A47A0}.Debug|Any CPU.ActiveCfg = Debug|Any CPU
		{137172CC-B7D4-495C-A526-C933361A47A0}.Debug|Any CPU.Build.0 = Debug|Any CPU
		{137172CC-B7D4-495C-A526-C933361A47A0}.Debug|Mixed Platforms.ActiveCfg = Debug|Any CPU
		{137172CC-B7D4-495C-A526-C933361A47A0}.Debug|Mixed Platforms.Build.0 = Debug|Any CPU
		{137172CC-B7D4-495C-A526-C933361A47A0}.Debug|x86.ActiveCfg = Debug|Any CPU
		{137172CC-B7D4-495C-A526-C933361A47A0}.Release|Any CPU.ActiveCfg = Release|Any CPU
		{137172CC-B7D4-495C-A526-C933361A47A0}.Release|Any CPU.Build.0 = Release|Any CPU
		{137172CC-B7D4-495C-A526-C933361A47A0}.Release|Mixed Platforms.ActiveCfg = Release|Any CPU
		{137172CC-B7D4-495C-A526-C933361A47A0}.Release|Mixed Platforms.Build.0 = Release|Any CPU
		{137172CC-B7D4-495C-A526-C933361A47A0}.Release|x86.ActiveCfg = Release|Any CPU
		{7F30AD7F-DA93-4E7F-BCD9-FC3C402FC871}.Debug|Any CPU.ActiveCfg = Debug|Any CPU
		{7F30AD7F-DA93-4E7F-BCD9-FC3C402FC871}.Debug|Any CPU.Build.0 = Debug|Any CPU
		{7F30AD7F-DA93-4E7F-BCD9-FC3C402FC871}.Debug|Mixed Platforms.ActiveCfg = Debug|Any CPU
		{7F30AD7F-DA93-4E7F-BCD9-FC3C402FC871}.Debug|Mixed Platforms.Build.0 = Debug|Any CPU
		{7F30AD7F-DA93-4E7F-BCD9-FC3C402FC871}.Debug|x86.ActiveCfg = Debug|Any CPU
		{7F30AD7F-DA93-4E7F-BCD9-FC3C402FC871}.Release|Any CPU.ActiveCfg = Release|Any CPU
		{7F30AD7F-DA93-4E7F-BCD9-FC3C402FC871}.Release|Any CPU.Build.0 = Release|Any CPU
		{7F30AD7F-DA93-4E7F-BCD9-FC3C402FC871}.Release|Mixed Platforms.ActiveCfg = Release|Any CPU
		{7F30AD7F-DA93-4E7F-BCD9-FC3C402FC871}.Release|Mixed Platforms.Build.0 = Release|Any CPU
		{7F30AD7F-DA93-4E7F-BCD9-FC3C402FC871}.Release|x86.ActiveCfg = Release|Any CPU
		{27455777-B22F-45C4-A09B-9415F6E4CDA7}.Debug|Any CPU.ActiveCfg = Debug|x86
		{27455777-B22F-45C4-A09B-9415F6E4CDA7}.Debug|Mixed Platforms.ActiveCfg = Debug|x86
		{27455777-B22F-45C4-A09B-9415F6E4CDA7}.Debug|Mixed Platforms.Build.0 = Debug|x86
		{27455777-B22F-45C4-A09B-9415F6E4CDA7}.Debug|x86.ActiveCfg = Debug|x86
		{27455777-B22F-45C4-A09B-9415F6E4CDA7}.Debug|x86.Build.0 = Debug|x86
		{27455777-B22F-45C4-A09B-9415F6E4CDA7}.Release|Any CPU.ActiveCfg = Release|x86
		{27455777-B22F-45C4-A09B-9415F6E4CDA7}.Release|Mixed Platforms.ActiveCfg = Release|x86
		{27455777-B22F-45C4-A09B-9415F6E4CDA7}.Release|Mixed Platforms.Build.0 = Release|x86
		{27455777-B22F-45C4-A09B-9415F6E4CDA7}.Release|x86.ActiveCfg = Release|x86
		{27455777-B22F-45C4-A09B-9415F6E4CDA7}.Release|x86.Build.0 = Release|x86
		{2182E29C-DDDD-425F-891A-67ADA9350F49}.Debug|Any CPU.ActiveCfg = Debug|Any CPU
		{2182E29C-DDDD-425F-891A-67ADA9350F49}.Debug|Any CPU.Build.0 = Debug|Any CPU
		{2182E29C-DDDD-425F-891A-67ADA9350F49}.Debug|Mixed Platforms.ActiveCfg = Debug|Any CPU
		{2182E29C-DDDD-425F-891A-67ADA9350F49}.Debug|Mixed Platforms.Build.0 = Debug|Any CPU
		{2182E29C-DDDD-425F-891A-67ADA9350F49}.Debug|x86.ActiveCfg = Debug|Any CPU
		{2182E29C-DDDD-425F-891A-67ADA9350F49}.Release|Any CPU.ActiveCfg = Release|Any CPU
		{2182E29C-DDDD-425F-891A-67ADA9350F49}.Release|Any CPU.Build.0 = Release|Any CPU
		{2182E29C-DDDD-425F-891A-67ADA9350F49}.Release|Mixed Platforms.ActiveCfg = Release|Any CPU
		{2182E29C-DDDD-425F-891A-67ADA9350F49}.Release|Mixed Platforms.Build.0 = Release|Any CPU
		{2182E29C-DDDD-425F-891A-67ADA9350F49}.Release|x86.ActiveCfg = Release|Any CPU
		{76F4CC86-4AA3-4528-93BA-A017593844B8}.Debug|Any CPU.ActiveCfg = Debug|Any CPU
		{76F4CC86-4AA3-4528-93BA-A017593844B8}.Debug|Any CPU.Build.0 = Debug|Any CPU
		{76F4CC86-4AA3-4528-93BA-A017593844B8}.Debug|Mixed Platforms.ActiveCfg = Debug|Any CPU
		{76F4CC86-4AA3-4528-93BA-A017593844B8}.Debug|Mixed Platforms.Build.0 = Debug|Any CPU
		{76F4CC86-4AA3-4528-93BA-A017593844B8}.Debug|x86.ActiveCfg = Debug|Any CPU
		{76F4CC86-4AA3-4528-93BA-A017593844B8}.Release|Any CPU.ActiveCfg = Release|Any CPU
		{76F4CC86-4AA3-4528-93BA-A017593844B8}.Release|Any CPU.Build.0 = Release|Any CPU
		{76F4CC86-4AA3-4528-93BA-A017593844B8}.Release|Mixed Platforms.ActiveCfg = Release|Any CPU
		{76F4CC86-4AA3-4528-93BA-A017593844B8}.Release|Mixed Platforms.Build.0 = Release|Any CPU
		{76F4CC86-4AA3-4528-93BA-A017593844B8}.Release|x86.ActiveCfg = Release|Any CPU
		{643DC96D-2D03-41DE-85D4-B6BC2AF5F35C}.Debug|Any CPU.ActiveCfg = Debug|Any CPU
		{643DC96D-2D03-41DE-85D4-B6BC2AF5F35C}.Debug|Any CPU.Build.0 = Debug|Any CPU
		{643DC96D-2D03-41DE-85D4-B6BC2AF5F35C}.Debug|Mixed Platforms.ActiveCfg = Debug|Any CPU
		{643DC96D-2D03-41DE-85D4-B6BC2AF5F35C}.Debug|Mixed Platforms.Build.0 = Debug|Any CPU
		{643DC96D-2D03-41DE-85D4-B6BC2AF5F35C}.Debug|x86.ActiveCfg = Debug|Any CPU
		{643DC96D-2D03-41DE-85D4-B6BC2AF5F35C}.Debug|x86.Build.0 = Debug|Any CPU
		{643DC96D-2D03-41DE-85D4-B6BC2AF5F35C}.Release|Any CPU.ActiveCfg = Release|Any CPU
		{643DC96D-2D03-41DE-85D4-B6BC2AF5F35C}.Release|Any CPU.Build.0 = Release|Any CPU
		{643DC96D-2D03-41DE-85D4-B6BC2AF5F35C}.Release|Mixed Platforms.ActiveCfg = Release|Any CPU
		{643DC96D-2D03-41DE-85D4-B6BC2AF5F35C}.Release|Mixed Platforms.Build.0 = Release|Any CPU
		{643DC96D-2D03-41DE-85D4-B6BC2AF5F35C}.Release|x86.ActiveCfg = Release|Any CPU
		{643DC96D-2D03-41DE-85D4-B6BC2AF5F35C}.Release|x86.Build.0 = Release|Any CPU
		{082CE386-8F86-43B6-86CD-CD0E6BEFF467}.Debug|Any CPU.ActiveCfg = Debug|Any CPU
		{082CE386-8F86-43B6-86CD-CD0E6BEFF467}.Debug|Any CPU.Build.0 = Debug|Any CPU
		{082CE386-8F86-43B6-86CD-CD0E6BEFF467}.Debug|Mixed Platforms.ActiveCfg = Debug|Any CPU
		{082CE386-8F86-43B6-86CD-CD0E6BEFF467}.Debug|Mixed Platforms.Build.0 = Debug|Any CPU
		{082CE386-8F86-43B6-86CD-CD0E6BEFF467}.Debug|x86.ActiveCfg = Debug|Any CPU
		{082CE386-8F86-43B6-86CD-CD0E6BEFF467}.Debug|x86.Build.0 = Debug|Any CPU
		{082CE386-8F86-43B6-86CD-CD0E6BEFF467}.Release|Any CPU.ActiveCfg = Release|Any CPU
		{082CE386-8F86-43B6-86CD-CD0E6BEFF467}.Release|Any CPU.Build.0 = Release|Any CPU
		{082CE386-8F86-43B6-86CD-CD0E6BEFF467}.Release|Mixed Platforms.ActiveCfg = Release|Any CPU
		{082CE386-8F86-43B6-86CD-CD0E6BEFF467}.Release|Mixed Platforms.Build.0 = Release|Any CPU
		{082CE386-8F86-43B6-86CD-CD0E6BEFF467}.Release|x86.ActiveCfg = Release|Any CPU
		{082CE386-8F86-43B6-86CD-CD0E6BEFF467}.Release|x86.Build.0 = Release|Any CPU
	EndGlobalSection
	GlobalSection(SolutionProperties) = preSolution
		HideSolutionNode = FALSE
	EndGlobalSection
	GlobalSection(NestedProjects) = preSolution
		{9CAAD487-A3A7-4F4D-B4B7-08054C989F39} = {CDC445E8-B967-4342-86E8-0A1D04B43FB5}
		{137172CC-B7D4-495C-A526-C933361A47A0} = {CDC445E8-B967-4342-86E8-0A1D04B43FB5}
		{7F30AD7F-DA93-4E7F-BCD9-FC3C402FC871} = {7E94EF60-9B8A-4A9B-A5DB-CD1AC1A541D6}
		{2182E29C-DDDD-425F-891A-67ADA9350F49} = {13055C0B-1F5F-4478-B8BB-3559477793A2}
		{76F4CC86-4AA3-4528-93BA-A017593844B8} = {13055C0B-1F5F-4478-B8BB-3559477793A2}
		{643DC96D-2D03-41DE-85D4-B6BC2AF5F35C} = {7E94EF60-9B8A-4A9B-A5DB-CD1AC1A541D6}
		{082CE386-8F86-43B6-86CD-CD0E6BEFF467} = {7E94EF60-9B8A-4A9B-A5DB-CD1AC1A541D6}
	EndGlobalSection
EndGlobal
