
Microsoft Visual Studio Solution File, Format Version 12.00
# Visual Studio 15
VisualStudioVersion = 15.0.25618.0
MinimumVisualStudioVersion = 10.0.40219.1
Project("{FAE04EC0-301F-11D3-BF4B-00C04F79EFBC}") = "ParallelCalculations", "ParallelCalculations\ParallelCalculations.csproj", "{B0A961D5-788A-43E7-BCDE-EED86502E511}"
EndProject
Project("{FAE04EC0-301F-11D3-BF4B-00C04F79EFBC}") = "StartingPoint", "StartingPoint\StartingPoint.csproj", "{006EEE3E-AB28-44C2-B12F-778FA9CD2A15}"
EndProject
Global
	GlobalSection(SolutionConfigurationPlatforms) = preSolution
		Debug|Any CPU = Debug|Any CPU
		Release|Any CPU = Release|Any CPU
	EndGlobalSection
	GlobalSection(ProjectConfigurationPlatforms) = postSolution
		{B0A961D5-788A-43E7-BCDE-EED86502E511}.Debug|Any CPU.ActiveCfg = Debug|Any CPU
		{B0A961D5-788A-43E7-BCDE-EED86502E511}.Debug|Any CPU.Build.0 = Debug|Any CPU
		{B0A961D5-788A-43E7-BCDE-EED86502E511}.Release|Any CPU.ActiveCfg = Release|Any CPU
		{B0A961D5-788A-43E7-BCDE-EED86502E511}.Release|Any CPU.Build.0 = Release|Any CPU
		{006EEE3E-AB28-44C2-B12F-778FA9CD2A15}.Debug|Any CPU.ActiveCfg = Debug|Any CPU
		{006EEE3E-AB28-44C2-B12F-778FA9CD2A15}.Debug|Any CPU.Build.0 = Debug|Any CPU
		{006EEE3E-AB28-44C2-B12F-778FA9CD2A15}.Release|Any CPU.ActiveCfg = Release|Any CPU
		{006EEE3E-AB28-44C2-B12F-778FA9CD2A15}.Release|Any CPU.Build.0 = Release|Any CPU
	EndGlobalSection
	GlobalSection(SolutionProperties) = preSolution
		HideSolutionNode = FALSE
	EndGlobalSection
EndGlobal
